<?xml version="1.0" encoding="utf-8"?>
<Project ToolsVersion="4.0" xmlns="http://schemas.microsoft.com/developer/msbuild/2003">
  <ItemGroup>
    <Filter Include="Source Files">
      <UniqueIdentifier>{4FC737F1-C7A5-4376-A066-2A32D752A2FF}</UniqueIdentifier>
      <Extensions>cpp;c;cc;cxx;def;odl;idl;hpj;bat;asm;asmx</Extensions>
    </Filter>
    <Filter Include="Header Files">
      <UniqueIdentifier>{93995380-89BD-4b04-88EB-625FBE52EBFB}</UniqueIdentifier>
      <Extensions>h;hh;hpp;hxx;hm;inl;inc;xsd</Extensions>
    </Filter>
    <Filter Include="Resource Files">
      <UniqueIdentifier>{67DA6AB6-F800-4c08-8B7A-83BB121AAD01}</UniqueIdentifier>
      <Extensions>rc;ico;cur;bmp;dlg;rc2;rct;bin;rgs;gif;jpg;jpeg;jpe;resx;tiff;tif;png;wav;mfcribbon-ms</Extensions>
    </Filter>
  </ItemGroup>
  <ItemGroup>
    <ClInclude Include="stdafx.h">
      <Filter>Header Files</Filter>
    </ClInclude>
    <ClInclude Include="targetver.h">
      <Filter>Header Files</Filter>
    </ClInclude>
    <ClInclude Include="Matroid.h">
      <Filter>Header Files</Filter>
    </ClInclude>
    <ClInclude Include="GreedyAlgorithm.h">
      <Filter>Header Files</Filter>
    </ClInclude>
    <ClInclude Include="Algorithm.h">
      <Filter>Header Files</Filter>
    </ClInclude>
    <ClInclude Include="GeneticAlgorithm.h">
      <Filter>Header Files</Filter>
    </ClInclude>
    <ClInclude Include="GreedyStrategy.h">
      <Filter>Header Files</Filter>
    </ClInclude>
    <ClInclude Include="ClusterMatroid.h">
      <Filter>Header Files</Filter>
    </ClInclude>
    <ClInclude Include="MaxClusterSolver.h">
      <Filter>Header Files</Filter>
    </ClInclude>
    <ClInclude Include="MinCoverSolver.h">
      <Filter>Header Files</Filter>
    </ClInclude>
    <ClInclude Include="CrossoverStrategy.h">
      <Filter>Header Files</Filter>
    </ClInclude>
    <ClInclude Include="MutationStrategy.h">
      <Filter>Header Files</Filter>
    </ClInclude>
    <ClInclude Include="ReproductionStrategy.h">
      <Filter>Header Files</Filter>
    </ClInclude>
    <ClInclude Include="FloorPlanningSolver.h">
      <Filter>Header Files</Filter>
    </ClInclude>
    <ClInclude Include="FloorPlanningMatroid.h">
      <Filter>Header Files</Filter>
    </ClInclude>
    <ClInclude Include="Types.h">
      <Filter>Header Files</Filter>
    </ClInclude>
    <ClInclude Include="CellPlacementMaxConSolver.h">
      <Filter>Header Files</Filter>
    </ClInclude>
    <ClInclude Include="CellPlacementMatroid.h">
      <Filter>Header Files</Filter>
    </ClInclude>
    <ClInclude Include="PMXCellPlacementCrossover.h">
      <Filter>Header Files</Filter>
    </ClInclude>
    <ClInclude Include="Chromosome.h">
      <Filter>Header Files</Filter>
    </ClInclude>
    <ClInclude Include="GreedySDK.h">
      <Filter>Header Files</Filter>
    </ClInclude>
    <ClInclude Include="GeneticSDK.h">
      <Filter>Header Files</Filter>
    </ClInclude>
  </ItemGroup>
  <ItemGroup>
    <ClCompile Include="stdafx.cpp">
      <Filter>Source Files</Filter>
    </ClCompile>
    <ClCompile Include="MinCoverSolver.cpp">
      <Filter>Source Files</Filter>
    </ClCompile>
    <ClCompile Include="MaxClusterSolver.cpp">
      <Filter>Source Files</Filter>
    </ClCompile>
    <ClCompile Include="GreedyAlgorithm.cpp">
      <Filter>Source Files</Filter>
    </ClCompile>
    <ClCompile Include="ClusterMatroid.cpp">
      <Filter>Source Files</Filter>
    </ClCompile>
    <ClCompile Include="FloorPlanningMatroid.cpp">
      <Filter>Source Files</Filter>
    </ClCompile>
    <ClCompile Include="FloorPlanningSolver.cpp">
      <Filter>Source Files</Filter>
    </ClCompile>
    <ClCompile Include="CellPlacementMaxConSolver.cpp">
      <Filter>Source Files</Filter>
    </ClCompile>
    <ClCompile Include="CellPlacementMatroid.cpp">
      <Filter>Source Files</Filter>
    </ClCompile>
    <ClCompile Include="PMXCellPlacementCrossover.cpp">
      <Filter>Source Files</Filter>
    </ClCompile>
  </ItemGroup>
</Project>